
Microsoft Visual Studio Solution File, Format Version 12.00
# Visual Studio Version 17
VisualStudioVersion = 17.12.35527.113
MinimumVisualStudioVersion = 10.0.40219.1
Project("{FAE04EC0-301F-11D3-BF4B-00C04F79EFBC}") = "EduSupport.Server", "EduSupport.Server\EduSupport.Server.csproj", "{CFBDADBE-BFB3-4EE7-A38C-A15D4D7E05FF}"
EndProject
Project("{54A90642-561A-4BB1-A94E-469ADEE60C69}") = "edusupport.client", "edusupport.client\edusupport.client.esproj", "{A61D6F24-1EC8-413F-80D4-C4A1CCC2F510}"
EndProject
Global
	GlobalSection(SolutionConfigurationPlatforms) = preSolution
		Debug|Any CPU = Debug|Any CPU
		Release|Any CPU = Release|Any CPU
	EndGlobalSection
	GlobalSection(ProjectConfigurationPlatforms) = postSolution
		{CFBDADBE-BFB3-4EE7-A38C-A15D4D7E05FF}.Debug|Any CPU.ActiveCfg = Debug|Any CPU
		{CFBDADBE-BFB3-4EE7-A38C-A15D4D7E05FF}.Debug|Any CPU.Build.0 = Debug|Any CPU
		{CFBDADBE-BFB3-4EE7-A38C-A15D4D7E05FF}.Release|Any CPU.ActiveCfg = Release|Any CPU
		{CFBDADBE-BFB3-4EE7-A38C-A15D4D7E05FF}.Release|Any CPU.Build.0 = Release|Any CPU
		{A61D6F24-1EC8-413F-80D4-C4A1CCC2F510}.Debug|Any CPU.ActiveCfg = Debug|Any CPU
		{A61D6F24-1EC8-413F-80D4-C4A1CCC2F510}.Debug|Any CPU.Build.0 = Debug|Any CPU
		{A61D6F24-1EC8-413F-80D4-C4A1CCC2F510}.Debug|Any CPU.Deploy.0 = Debug|Any CPU
		{A61D6F24-1EC8-413F-80D4-C4A1CCC2F510}.Release|Any CPU.ActiveCfg = Release|Any CPU
		{A61D6F24-1EC8-413F-80D4-C4A1CCC2F510}.Release|Any CPU.Build.0 = Release|Any CPU
		{A61D6F24-1EC8-413F-80D4-C4A1CCC2F510}.Release|Any CPU.Deploy.0 = Release|Any CPU
	EndGlobalSection
	GlobalSection(SolutionProperties) = preSolution
		HideSolutionNode = FALSE
	EndGlobalSection
EndGlobal
